{
  "nodes": {
    "nixpkgs": {
      "locked": {
        "lastModified": 1786367403,
        "narHash": "sha256-WYCVT8rG/mYsm8vVf8FczKKWaPoRpFmdbk+FTaezWjA=",
        "owner": "NixOS",
        "repo": "nixpkgs",
        "rev": "1f239f2b0587bc4fb15d9cb7077b2c2b2ac6fb83",
        "type": "github"
      },
      "original": {
        "owner": "NixOS",
        "ref": "nixos-unstable-small",
        "repo": "nixpkgs",
        "type": "github"
      }
    },
    "root": {
      "inputs": {
        "nixpkgs": "nixpkgs"
      }
    }
  },
  "root": "root",
  "version": 7
}
